// !$*UTF8*$!
{
	archiveVersion = 1;
	classes = {
	};
	objectVersion = 46;
	objects = {

/* Begin PBXBuildFile section */
		EB1C5A1D19FBB154008364A1 /* AppDelegate.swift in Sources */ = {isa = PBXBuildFile; fileRef = EB1C5A1C19FBB154008364A1 /* AppDelegate.swift */; };
		EB1C5A1F19FBB154008364A1 /* ViewController.swift in Sources */ = {isa = PBXBuildFile; fileRef = EB1C5A1E19FBB154008364A1 /* ViewController.swift */; };
		EB1C5A2219FBB154008364A1 /* Main.storyboard in Resources */ = {isa = PBXBuildFile; fileRef = EB1C5A2019FBB154008364A1 /* Main.storyboard */; };
		EB1C5A2419FBB154008364A1 /* Images.xcassets in Resources */ = {isa = PBXBuildFile; fileRef = EB1C5A2319FBB154008364A1 /* Images.xcassets */; };
		EB1C5A2719FBB154008364A1 /* LaunchScreen.xib in Resources */ = {isa = PBXBuildFile; fileRef = EB1C5A2519FBB154008364A1 /* LaunchScreen.xib */; };
		EB1C5A3319FBB154008364A1 /* catYrsTests.swift in Sources */ = {isa = PBXBuildFile; fileRef = EB1C5A3219FBB154008364A1 /* catYrsTests.swift */; };
/* End PBXBuildFile section */

/* Begin PBXContainerItemProxy section */
		EB1C5A2D19FBB154008364A1 /* PBXContainerItemProxy */ = {
			isa = PBXContainerItemProxy;
			containerPortal = EB1C5A0F19FBB154008364A1 /* Project object */;
			proxyType = 1;
			remoteGlobalIDString = EB1C5A1619FBB154008364A1;
			remoteInfo = catYrs;
		};
/* End PBXContainerItemProxy section */

/* Begin PBXFileReference section */
		EB1C5A1719FBB154008364A1 /* catYrs.app */ = {isa = PBXFileReference; explicitFileType = wrapper.application; includeInIndex = 0; path = catYrs.app; sourceTree = BUILT_PRODUCTS_DIR; };
		EB1C5A1B19FBB154008364A1 /* Info.plist */ = {isa = PBXFileReference; lastKnownFileType = text.plist.xml; path = Info.plist; sourceTree = "<group>"; };
		EB1C5A1C19FBB154008364A1 /* AppDelegate.swift */ = {isa = PBXFileReference; lastKnownFileType = sourcecode.swift; path = AppDelegate.swift; sourceTree = "<group>"; };
		EB1C5A1E19FBB154008364A1 /* ViewController.swift */ = {isa = PBXFileReference; lastKnownFileType = sourcecode.swift; path = ViewController.swift; sourceTree = "<group>"; };
		EB1C5A2119FBB154008364A1 /* Base */ = {isa = PBXFileReference; lastKnownFileType = file.storyboard; name = Base; path = Base.lproj/Main.storyboard; sourceTree = "<group>"; };
		EB1C5A2319FBB154008364A1 /* Images.xcassets */ = {isa = PBXFileReference; lastKnownFileType = folder.assetcatalog; path = Images.xcassets; sourceTree = "<group>"; };
		EB1C5A2619FBB154008364A1 /* Base */ = {isa = PBXFileReference; lastKnownFileType = file.xib; name = Base; path = Base.lproj/LaunchScreen.xib; sourceTree = "<group>"; };
		EB1C5A2C19FBB154008364A1 /* catYrsTests.xctest */ = {isa = PBXFileReference; explicitFileType = wrapper.cfbundle; includeInIndex = 0; path = catYrsTests.xctest; sourceTree = BUILT_PRODUCTS_DIR; };
		EB1C5A3119FBB154008364A1 /* Info.plist */ = {isa = PBXFileReference; lastKnownFileType = text.plist.xml; path = Info.plist; sourceTree = "<group>"; };
		EB1C5A3219FBB154008364A1 /* catYrsTests.swift */ = {isa = PBXFileReference; lastKnownFileType = sourcecode.swift; path = catYrsTests.swift; sourceTree = "<group>"; };
/* End PBXFileReference section */

/* Begin PBXFrameworksBuildPhase section */
		EB1C5A1419FBB154008364A1 /* Frameworks */ = {
			isa = PBXFrameworksBuildPhase;
			buildActionMask = 2147483647;
			files = (
			);
			runOnlyForDeploymentPostprocessing = 0;
		};
		EB1C5A2919FBB154008364A1 /* Frameworks */ = {
			isa = PBXFrameworksBuildPhase;
			buildActionMask = 2147483647;
			files = (
			);
			runOnlyForDeploymentPostprocessing = 0;
		};
/* End PBXFrameworksBuildPhase section */

/* Begin PBXGroup section */
		EB1C5A0E19FBB154008364A1 = {
			isa = PBXGroup;
			children = (
				EB1C5A1919FBB154008364A1 /* catYrs */,
				EB1C5A2F19FBB154008364A1 /* catYrsTests */,
				EB1C5A1819FBB154008364A1 /* Products */,
			);
			sourceTree = "<group>";
		};
		EB1C5A1819FBB154008364A1 /* Products */ = {
			isa = PBXGroup;
			children = (
				EB1C5A1719FBB154008364A1 /* catYrs.app */,
				EB1C5A2C19FBB154008364A1 /* catYrsTests.xctest */,
			);
			name = Products;
			sourceTree = "<group>";
		};
		EB1C5A1919FBB154008364A1 /* catYrs */ = {
			isa = PBXGroup;
			children = (
				EB1C5A1C19FBB154008364A1 /* AppDelegate.swift */,
				EB1C5A1E19FBB154008364A1 /* ViewController.swift */,
				EB1C5A2019FBB154008364A1 /* Main.storyboard */,
				EB1C5A2319FBB154008364A1 /* Images.xcassets */,
				EB1C5A2519FBB154008364A1 /* LaunchScreen.xib */,
				EB1C5A1A19FBB154008364A1 /* Supporting Files */,
			);
			path = catYrs;
			sourceTree = "<group>";
		};
		EB1C5A1A19FBB154008364A1 /* Supporting Files */ = {
			isa = PBXGroup;
			children = (
				EB1C5A1B19FBB154008364A1 /* Info.plist */,
			);
			name = "Supporting Files";
			sourceTree = "<group>";
		};
		EB1C5A2F19FBB154008364A1 /* catYrsTests */ = {
			isa = PBXGroup;
			children = (
				EB1C5A3219FBB154008364A1 /* catYrsTests.swift */,
				EB1C5A3019FBB154008364A1 /* Supporting Files */,
			);
			path = catYrsTests;
			sourceTree = "<group>";
		};
		EB1C5A3019FBB154008364A1 /* Supporting Files */ = {
			isa = PBXGroup;
			children = (
				EB1C5A3119FBB154008364A1 /* Info.plist */,
			);
			name = "Supporting Files";
			sourceTree = "<group>";
		};
/* End PBXGroup section */

/* Begin PBXNativeTarget section */
		EB1C5A1619FBB154008364A1 /* catYrs */ = {
			isa = PBXNativeTarget;
			buildConfigurationList = EB1C5A3619FBB154008364A1 /* Build configuration list for PBXNativeTarget "catYrs" */;
			buildPhases = (
				EB1C5A1319FBB154008364A1 /* Sources */,
				EB1C5A1419FBB154008364A1 /* Frameworks */,
				EB1C5A1519FBB154008364A1 /* Resources */,
			);
			buildRules = (
			);
			dependencies = (
			);
			name = catYrs;
			productName = catYrs;
			productReference = EB1C5A1719FBB154008364A1 /* catYrs.app */;
			productType = "com.apple.product-type.application";
		};
		EB1C5A2B19FBB154008364A1 /* catYrsTests */ = {
			isa = PBXNativeTarget;
			buildConfigurationList = EB1C5A3919FBB154008364A1 /* Build configuration list for PBXNativeTarget "catYrsTests" */;
			buildPhases = (
				EB1C5A2819FBB154008364A1 /* Sources */,
				EB1C5A2919FBB154008364A1 /* Frameworks */,
				EB1C5A2A19FBB154008364A1 /* Resources */,
			);
			buildRules = (
			);
			dependencies = (
				EB1C5A2E19FBB154008364A1 /* PBXTargetDependency */,
			);
			name = catYrsTests;
			productName = catYrsTests;
			productReference = EB1C5A2C19FBB154008364A1 /* catYrsTests.xctest */;
			productType = "com.apple.product-type.bundle.unit-test";
		};
/* End PBXNativeTarget section */

/* Begin PBXProject section */
		EB1C5A0F19FBB154008364A1 /* Project object */ = {
			isa = PBXProject;
			attributes = {
				LastUpgradeCheck = 0600;
				ORGANIZATIONNAME = Shrayanth;
				TargetAttributes = {
					EB1C5A1619FBB154008364A1 = {
						CreatedOnToolsVersion = 6.0.1;
					};
					EB1C5A2B19FBB154008364A1 = {
						CreatedOnToolsVersion = 6.0.1;
						TestTargetID = EB1C5A1619FBB154008364A1;
					};
				};
			};
			buildConfigurationList = EB1C5A1219FBB154008364A1 /* Build configuration list for PBXProject "catYrs" */;
			compatibilityVersion = "Xcode 3.2";
			developmentRegion = English;
			hasScannedForEncodings = 0;
			knownRegions = (
				en,
				Base,
			);
			mainGroup = EB1C5A0E19FBB154008364A1;
			productRefGroup = EB1C5A1819FBB154008364A1 /* Products */;
			projectDirPath = "";
			projectRoot = "";
			targets = (
				EB1C5A1619FBB154008364A1 /* catYrs */,
				EB1C5A2B19FBB154008364A1 /* catYrsTests */,
			);
		};
/* End PBXProject section */

/* Begin PBXResourcesBuildPhase section */
		EB1C5A1519FBB154008364A1 /* Resources */ = {
			isa = PBXResourcesBuildPhase;
			buildActionMask = 2147483647;
			files = (
				EB1C5A2219FBB154008364A1 /* Main.storyboard in Resources */,
				EB1C5A2719FBB154008364A1 /* LaunchScreen.xib in Resources */,
				EB1C5A2419FBB154008364A1 /* Images.xcassets in Resources */,
			);
			runOnlyForDeploymentPostprocessing = 0;
		};
		EB1C5A2A19FBB154008364A1 /* Resources */ = {
			isa = PBXResourcesBuildPhase;
			buildActionMask = 2147483647;
			files = (
			);
			runOnlyForDeploymentPostprocessing = 0;
		};
/* End PBXResourcesBuildPhase section */

/* Begin PBXSourcesBuildPhase section */
		EB1C5A1319FBB154008364A1 /* Sources */ = {
			isa = PBXSourcesBuildPhase;
			buildActionMask = 2147483647;
			files = (
				EB1C5A1F19FBB154008364A1 /* ViewController.swift in Sources */,
				EB1C5A1D19FBB154008364A1 /* AppDelegate.swift in Sources */,
			);
			runOnlyForDeploymentPostprocessing = 0;
		};
		EB1C5A2819FBB154008364A1 /* Sources */ = {
			isa = PBXSourcesBuildPhase;
			buildActionMask = 2147483647;
			files = (
				EB1C5A3319FBB154008364A1 /* catYrsTests.swift in Sources */,
			);
			runOnlyForDeploymentPostprocessing = 0;
		};
/* End PBXSourcesBuildPhase section */

/* Begin PBXTargetDependency section */
		EB1C5A2E19FBB154008364A1 /* PBXTargetDependency */ = {
			isa = PBXTargetDependency;
			target = EB1C5A1619FBB154008364A1 /* catYrs */;
			targetProxy = EB1C5A2D19FBB154008364A1 /* PBXContainerItemProxy */;
		};
/* End PBXTargetDependency section */

/* Begin PBXVariantGroup section */
		EB1C5A2019FBB154008364A1 /* Main.storyboard */ = {
			isa = PBXVariantGroup;
			children = (
				EB1C5A2119FBB154008364A1 /* Base */,
			);
			name = Main.storyboard;
			sourceTree = "<group>";
		};
		EB1C5A2519FBB154008364A1 /* LaunchScreen.xib */ = {
			isa = PBXVariantGroup;
			children = (
				EB1C5A2619FBB154008364A1 /* Base */,
			);
			name = LaunchScreen.xib;
			sourceTree = "<group>";
		};
/* End PBXVariantGroup section */

/* Begin XCBuildConfiguration section */
		EB1C5A3419FBB154008364A1 /* Debug */ = {
			isa = XCBuildConfiguration;
			buildSettings = {
				ALWAYS_SEARCH_USER_PATHS = NO;
				CLANG_CXX_LANGUAGE_STANDARD = "gnu++0x";
				CLANG_CXX_LIBRARY = "libc++";
				CLANG_ENABLE_MODULES = YES;
				CLANG_ENABLE_OBJC_ARC = YES;
				CLANG_WARN_BOOL_CONVERSION = YES;
				CLANG_WARN_CONSTANT_CONVERSION = YES;
				CLANG_WARN_DIRECT_OBJC_ISA_USAGE = YES_ERROR;
				CLANG_WARN_EMPTY_BODY = YES;
				CLANG_WARN_ENUM_CONVERSION = YES;
				CLANG_WARN_INT_CONVERSION = YES;
				CLANG_WARN_OBJC_ROOT_CLASS = YES_ERROR;
				CLANG_WARN_UNREACHABLE_CODE = YES;
				CLANG_WARN__DUPLICATE_METHOD_MATCH = YES;
				"CODE_SIGN_IDENTITY[sdk=iphoneos*]" = "iPhone Developer";
				COPY_PHASE_STRIP = NO;
				ENABLE_STRICT_OBJC_MSGSEND = YES;
				GCC_C_LANGUAGE_STANDARD = gnu99;
				GCC_DYNAMIC_NO_PIC = NO;
				GCC_OPTIMIZATION_LEVEL = 0;
				GCC_PREPROCESSOR_DEFINITIONS = (
					"DEBUG=1",
					"$(inherited)",
				);
				GCC_SYMBOLS_PRIVATE_EXTERN = NO;
				GCC_WARN_64_TO_32_BIT_CONVERSION = YES;
				GCC_WARN_ABOUT_RETURN_TYPE = YES_ERROR;
				GCC_WARN_UNDECLARED_SELECTOR = YES;
				GCC_WARN_UNINITIALIZED_AUTOS = YES_AGGRESSIVE;
				GCC_WARN_UNUSED_FUNCTION = YES;
				GCC_WARN_UNUSED_VARIABLE = YES;
				IPHONEOS_DEPLOYMENT_TARGET = 8.0;
				MTL_ENABLE_DEBUG_INFO = YES;
				ONLY_ACTIVE_ARCH = YES;
				SDKROOT = iphoneos;
				SWIFT_OPTIMIZATION_LEVEL = "-Onone";
				TARGETED_DEVICE_FAMILY = "1,2";
			};
			name = Debug;
		};
		EB1C5A3519FBB154008364A1 /* Release */ = {
			isa = XCBuildConfiguration;
			buildSettings = {
				ALWAYS_SEARCH_USER_PATHS = NO;
				CLANG_CXX_LANGUAGE_STANDARD = "gnu++0x";
				CLANG_CXX_LIBRARY = "libc++";
				CLANG_ENABLE_MODULES = YES;
				CLANG_ENABLE_OBJC_ARC = YES;
				CLANG_WARN_BOOL_CONVERSION = YES;
				CLANG_WARN_CONSTANT_CONVERSION = YES;
				CLANG_WARN_DIRECT_OBJC_ISA_USAGE = YES_ERROR;
				CLANG_WARN_EMPTY_BODY = YES;
				CLANG_WARN_ENUM_CONVERSION = YES;
				CLANG_WARN_INT_CONVERSION = YES;
				CLANG_WARN_OBJC_ROOT_CLASS = YES_ERROR;
				CLANG_WARN_UNREACHABLE_CODE = YES;
				CLANG_WARN__DUPLICATE_METHOD_MATCH = YES;
				"CODE_SIGN_IDENTITY[sdk=iphoneos*]" = "iPhone Developer";
				COPY_PHASE_STRIP = YES;
				ENABLE_NS_ASSERTIONS = NO;
				ENABLE_STRICT_OBJC_MSGSEND = YES;
				GCC_C_LANGUAGE_STANDARD = gnu99;
				GCC_WARN_64_TO_32_BIT_CONVERSION = YES;
				GCC_WARN_ABOUT_RETURN_TYPE = YES_ERROR;
				GCC_WARN_UNDECLARED_SELECTOR = YES;
				GCC_WARN_UNINITIALIZED_AUTOS = YES_AGGRESSIVE;
				GCC_WARN_UNUSED_FUNCTION = YES;
				GCC_WARN_UNUSED_VARIABLE = YES;
				IPHONEOS_DEPLOYMENT_TARGET = 8.0;
				MTL_ENABLE_DEBUG_INFO = NO;
				SDKROOT = iphoneos;
				TARGETED_DEVICE_FAMILY = "1,2";
				VALIDATE_PRODUCT = YES;
			};
			name = Release;
		};
		EB1C5A3719FBB154008364A1 /* Debug */ = {
			isa = XCBuildConfiguration;
			buildSettings = {
				ASSETCATALOG_COMPILER_APPICON_NAME = AppIcon;
				INFOPLIST_FILE = catYrs/Info.plist;
				LD_RUNPATH_SEARCH_PATHS = "$(inherited) @executable_path/Frameworks";
				PRODUCT_NAME = "$(TARGET_NAME)";
			};
			name = Debug;
		};
		EB1C5A3819FBB154008364A1 /* Release */ = {
			isa = XCBuildConfiguration;
			buildSettings = {
				ASSETCATALOG_COMPILER_APPICON_NAME = AppIcon;
				INFOPLIST_FILE = catYrs/Info.plist;
				LD_RUNPATH_SEARCH_PATHS = "$(inherited) @executable_path/Frameworks";
				PRODUCT_NAME = "$(TARGET_NAME)";
			};
			name = Release;
		};
		EB1C5A3A19FBB154008364A1 /* Debug */ = {
			isa = XCBuildConfiguration;
			buildSettings = {
				BUNDLE_LOADER = "$(TEST_HOST)";
				FRAMEWORK_SEARCH_PATHS = (
					"$(SDKROOT)/Developer/Library/Frameworks",
					"$(inherited)",
				);
				GCC_PREPROCESSOR_DEFINITIONS = (
					"DEBUG=1",
					"$(inherited)",
				);
				INFOPLIST_FILE = catYrsTests/Info.plist;
				LD_RUNPATH_SEARCH_PATHS = "$(inherited) @executable_path/Frameworks @loader_path/Frameworks";
				PRODUCT_NAME = "$(TARGET_NAME)";
				TEST_HOST = "$(BUILT_PRODUCTS_DIR)/catYrs.app/catYrs";
			};
			name = Debug;
		};
		EB1C5A3B19FBB154008364A1 /* Release */ = {
			isa = XCBuildConfiguration;
			buildSettings = {
				BUNDLE_LOADER = "$(TEST_HOST)";
				FRAMEWORK_SEARCH_PATHS = (
					"$(SDKROOT)/Developer/Library/Frameworks",
					"$(inherited)",
				);
				INFOPLIST_FILE = catYrsTests/Info.plist;
				LD_RUNPATH_SEARCH_PATHS = "$(inherited) @executable_path/Frameworks @loader_path/Frameworks";
				PRODUCT_NAME = "$(TARGET_NAME)";
				TEST_HOST = "$(BUILT_PRODUCTS_DIR)/catYrs.app/catYrs";
			};
			name = Release;
		};
/* End XCBuildConfiguration section */

/* Begin XCConfigurationList section */
		EB1C5A1219FBB154008364A1 /* Build configuration list for PBXProject "catYrs" */ = {
			isa = XCConfigurationList;
			buildConfigurations = (
				EB1C5A3419FBB154008364A1 /* Debug */,
				EB1C5A3519FBB154008364A1 /* Release */,
			);
			defaultConfigurationIsVisible = 0;
			defaultConfigurationName = Release;
		};
		EB1C5A3619FBB154008364A1 /* Build configuration list for PBXNativeTarget "catYrs" */ = {
			isa = XCConfigurationList;
			buildConfigurations = (
				EB1C5A3719FBB154008364A1 /* Debug */,
				EB1C5A3819FBB154008364A1 /* Release */,
			);
			defaultConfigurationIsVisible = 0;
		};
		EB1C5A3919FBB154008364A1 /* Build configuration list for PBXNativeTarget "catYrsTests" */ = {
			isa = XCConfigurationList;
			buildConfigurations = (
				EB1C5A3A19FBB154008364A1 /* Debug */,
				EB1C5A3B19FBB154008364A1 /* Release */,
			);
			defaultConfigurationIsVisible = 0;
		};
/* End XCConfigurationList section */
	};
	rootObject = EB1C5A0F19FBB154008364A1 /* Project object */;
}
